
Microsoft Visual Studio Solution File, Format Version 12.00
# Visual Studio Version 16
VisualStudioVersion = 16.0.31112.23
MinimumVisualStudioVersion = 10.0.40219.1
Project("{FAE04EC0-301F-11D3-BF4B-00C04F79EFBC}") = "GopherDirtBikeShop", "GopherDirtBikeShop\GopherDirtBikeShop.csproj", "{ED076FE3-2B52-4DDA-B0F7-8C09E407F37F}"
EndProject
Global
	GlobalSection(SolutionConfigurationPlatforms) = preSolution
		Debug|Any CPU = Debug|Any CPU
		Release|Any CPU = Release|Any CPU
	EndGlobalSection
	GlobalSection(ProjectConfigurationPlatforms) = postSolution
		{ED076FE3-2B52-4DDA-B0F7-8C09E407F37F}.Debug|Any CPU.ActiveCfg = Debug|Any CPU
		{ED076FE3-2B52-4DDA-B0F7-8C09E407F37F}.Debug|Any CPU.Build.0 = Debug|Any CPU
		{ED076FE3-2B52-4DDA-B0F7-8C09E407F37F}.Release|Any CPU.ActiveCfg = Release|Any CPU
		{ED076FE3-2B52-4DDA-B0F7-8C09E407F37F}.Release|Any CPU.Build.0 = Release|Any CPU
	EndGlobalSection
	GlobalSection(SolutionProperties) = preSolution
		HideSolutionNode = FALSE
	EndGlobalSection
	GlobalSection(ExtensibilityGlobals) = postSolution
		SolutionGuid = {B19E8F1B-183C-4262-8EA7-54E7D0FD98CF}
	EndGlobalSection
EndGlobal
